
Microsoft Visual Studio Solution File, Format Version 12.00
# Visual Studio Version 17
VisualStudioVersion = 17.6.33723.286
MinimumVisualStudioVersion = 10.0.40219.1
Project("{9A19103F-16F7-4668-BE54-9A1E7A4F7556}") = "JobHubAPI", "JobHubAPI.csproj", "{FB8268FB-8C7D-44A0-96EB-4DA6F77F6CE0}"
EndProject
Project("{FAE04EC0-301F-11D3-BF4B-00C04F79EFBC}") = "TestProj", "..\TestProj\TestProj.csproj", "{9F653ED2-EC2D-4D84-9562-EB6ABBB4A1F9}"
EndProject
Global
	GlobalSection(SolutionConfigurationPlatforms) = preSolution
		Debug|Any CPU = Debug|Any CPU
		Release|Any CPU = Release|Any CPU
	EndGlobalSection
	GlobalSection(ProjectConfigurationPlatforms) = postSolution
		{FB8268FB-8C7D-44A0-96EB-4DA6F77F6CE0}.Debug|Any CPU.ActiveCfg = Debug|Any CPU
		{FB8268FB-8C7D-44A0-96EB-4DA6F77F6CE0}.Debug|Any CPU.Build.0 = Debug|Any CPU
		{FB8268FB-8C7D-44A0-96EB-4DA6F77F6CE0}.Release|Any CPU.ActiveCfg = Release|Any CPU
		{FB8268FB-8C7D-44A0-96EB-4DA6F77F6CE0}.Release|Any CPU.Build.0 = Release|Any CPU
		{9F653ED2-EC2D-4D84-9562-EB6ABBB4A1F9}.Debug|Any CPU.ActiveCfg = Debug|Any CPU
		{9F653ED2-EC2D-4D84-9562-EB6ABBB4A1F9}.Debug|Any CPU.Build.0 = Debug|Any CPU
		{9F653ED2-EC2D-4D84-9562-EB6ABBB4A1F9}.Release|Any CPU.ActiveCfg = Release|Any CPU
		{9F653ED2-EC2D-4D84-9562-EB6ABBB4A1F9}.Release|Any CPU.Build.0 = Release|Any CPU
	EndGlobalSection
	GlobalSection(SolutionProperties) = preSolution
		HideSolutionNode = FALSE
	EndGlobalSection
	GlobalSection(ExtensibilityGlobals) = postSolution
		SolutionGuid = {B1EA8D91-5D65-4F91-91DB-2FDF631747BB}
	EndGlobalSection
EndGlobal
